
Microsoft Visual Studio Solution File, Format Version 12.00
# Visual Studio 2013
VisualStudioVersion = 12.0.31101.0
MinimumVisualStudioVersion = 10.0.40219.1
Project("{FAE04EC0-301F-11D3-BF4B-00C04F79EFBC}") = "01.DecimalToBinary", "04.NumeralSystems\01.DecimalToBinary.csproj", "{68945526-C72C-4619-AF82-2A2A56B0D53C}"
EndProject
Project("{FAE04EC0-301F-11D3-BF4B-00C04F79EFBC}") = "02.BinaryToDecimal", "02.BinaryToDecimal\02.BinaryToDecimal.csproj", "{853CBE1F-177A-4E3D-AF2D-914E7045F718}"
EndProject
Project("{FAE04EC0-301F-11D3-BF4B-00C04F79EFBC}") = "03.DecimalToHexadecimal", "03.DecimalToHexadecimal\03.DecimalToHexadecimal.csproj", "{32FE71A5-CA56-4516-B1DD-C674EAA542C4}"
EndProject
Project("{FAE04EC0-301F-11D3-BF4B-00C04F79EFBC}") = "04.HexadecimalToDecimal", "04.HexadecimalToDecimal\04.HexadecimalToDecimal.csproj", "{E71ED0F6-E6E7-41BF-9046-56A6A96F6DF8}"
EndProject
Project("{FAE04EC0-301F-11D3-BF4B-00C04F79EFBC}") = "05.HexadecimalToBinary", "05.HexadecimalToBinary\05.HexadecimalToBinary.csproj", "{9BB7922F-DB14-4B88-9502-AD6030D8EADB}"
EndProject
Project("{FAE04EC0-301F-11D3-BF4B-00C04F79EFBC}") = "06.BinaryToHexadecimal", "06.BinaryToHexadecimal\06.BinaryToHexadecimal.csproj", "{F9C70DAB-A05C-46B3-A8F3-8EEB9A208C63}"
EndProject
Project("{FAE04EC0-301F-11D3-BF4B-00C04F79EFBC}") = "07.OneSystemToAnyOther", "07.OneSystemToAnyOther\07.OneSystemToAnyOther.csproj", "{1E5DE91E-A33C-4CD0-AA61-347343A857EA}"
EndProject
Project("{FAE04EC0-301F-11D3-BF4B-00C04F79EFBC}") = "08.BinaryShort", "08.BinaryShort\08.BinaryShort.csproj", "{A7FECCE4-A3FC-4770-99A9-080C8695C444}"
EndProject
Project("{FAE04EC0-301F-11D3-BF4B-00C04F79EFBC}") = "DecimalToNumeralSystem", "DecimalToNumeralSystem\DecimalToNumeralSystem.csproj", "{4B2C409D-6AF2-47DD-A1B8-189A46DED143}"
EndProject
Project("{FAE04EC0-301F-11D3-BF4B-00C04F79EFBC}") = "BaseToDecimal", "BaseToDecimal\BaseToDecimal.csproj", "{F0CED0F4-2E49-4D79-AD99-8926343B1663}"
EndProject
Global
	GlobalSection(SolutionConfigurationPlatforms) = preSolution
		Debug|Any CPU = Debug|Any CPU
		Release|Any CPU = Release|Any CPU
	EndGlobalSection
	GlobalSection(ProjectConfigurationPlatforms) = postSolution
		{68945526-C72C-4619-AF82-2A2A56B0D53C}.Debug|Any CPU.ActiveCfg = Debug|Any CPU
		{68945526-C72C-4619-AF82-2A2A56B0D53C}.Debug|Any CPU.Build.0 = Debug|Any CPU
		{68945526-C72C-4619-AF82-2A2A56B0D53C}.Release|Any CPU.ActiveCfg = Release|Any CPU
		{68945526-C72C-4619-AF82-2A2A56B0D53C}.Release|Any CPU.Build.0 = Release|Any CPU
		{853CBE1F-177A-4E3D-AF2D-914E7045F718}.Debug|Any CPU.ActiveCfg = Debug|Any CPU
		{853CBE1F-177A-4E3D-AF2D-914E7045F718}.Debug|Any CPU.Build.0 = Debug|Any CPU
		{853CBE1F-177A-4E3D-AF2D-914E7045F718}.Release|Any CPU.ActiveCfg = Release|Any CPU
		{853CBE1F-177A-4E3D-AF2D-914E7045F718}.Release|Any CPU.Build.0 = Release|Any CPU
		{32FE71A5-CA56-4516-B1DD-C674EAA542C4}.Debug|Any CPU.ActiveCfg = Debug|Any CPU
		{32FE71A5-CA56-4516-B1DD-C674EAA542C4}.Debug|Any CPU.Build.0 = Debug|Any CPU
		{32FE71A5-CA56-4516-B1DD-C674EAA542C4}.Release|Any CPU.ActiveCfg = Release|Any CPU
		{32FE71A5-CA56-4516-B1DD-C674EAA542C4}.Release|Any CPU.Build.0 = Release|Any CPU
		{E71ED0F6-E6E7-41BF-9046-56A6A96F6DF8}.Debug|Any CPU.ActiveCfg = Debug|Any CPU
		{E71ED0F6-E6E7-41BF-9046-56A6A96F6DF8}.Debug|Any CPU.Build.0 = Debug|Any CPU
		{E71ED0F6-E6E7-41BF-9046-56A6A96F6DF8}.Release|Any CPU.ActiveCfg = Release|Any CPU
		{E71ED0F6-E6E7-41BF-9046-56A6A96F6DF8}.Release|Any CPU.Build.0 = Release|Any CPU
		{9BB7922F-DB14-4B88-9502-AD6030D8EADB}.Debug|Any CPU.ActiveCfg = Debug|Any CPU
		{9BB7922F-DB14-4B88-9502-AD6030D8EADB}.Debug|Any CPU.Build.0 = Debug|Any CPU
		{9BB7922F-DB14-4B88-9502-AD6030D8EADB}.Release|Any CPU.ActiveCfg = Release|Any CPU
		{9BB7922F-DB14-4B88-9502-AD6030D8EADB}.Release|Any CPU.Build.0 = Release|Any CPU
		{F9C70DAB-A05C-46B3-A8F3-8EEB9A208C63}.Debug|Any CPU.ActiveCfg = Debug|Any CPU
		{F9C70DAB-A05C-46B3-A8F3-8EEB9A208C63}.Debug|Any CPU.Build.0 = Debug|Any CPU
		{F9C70DAB-A05C-46B3-A8F3-8EEB9A208C63}.Release|Any CPU.ActiveCfg = Release|Any CPU
		{F9C70DAB-A05C-46B3-A8F3-8EEB9A208C63}.Release|Any CPU.Build.0 = Release|Any CPU
		{1E5DE91E-A33C-4CD0-AA61-347343A857EA}.Debug|Any CPU.ActiveCfg = Debug|Any CPU
		{1E5DE91E-A33C-4CD0-AA61-347343A857EA}.Debug|Any CPU.Build.0 = Debug|Any CPU
		{1E5DE91E-A33C-4CD0-AA61-347343A857EA}.Release|Any CPU.ActiveCfg = Release|Any CPU
		{1E5DE91E-A33C-4CD0-AA61-347343A857EA}.Release|Any CPU.Build.0 = Release|Any CPU
		{A7FECCE4-A3FC-4770-99A9-080C8695C444}.Debug|Any CPU.ActiveCfg = Debug|Any CPU
		{A7FECCE4-A3FC-4770-99A9-080C8695C444}.Debug|Any CPU.Build.0 = Debug|Any CPU
		{A7FECCE4-A3FC-4770-99A9-080C8695C444}.Release|Any CPU.ActiveCfg = Release|Any CPU
		{A7FECCE4-A3FC-4770-99A9-080C8695C444}.Release|Any CPU.Build.0 = Release|Any CPU
		{4B2C409D-6AF2-47DD-A1B8-189A46DED143}.Debug|Any CPU.ActiveCfg = Debug|Any CPU
		{4B2C409D-6AF2-47DD-A1B8-189A46DED143}.Debug|Any CPU.Build.0 = Debug|Any CPU
		{4B2C409D-6AF2-47DD-A1B8-189A46DED143}.Release|Any CPU.ActiveCfg = Release|Any CPU
		{4B2C409D-6AF2-47DD-A1B8-189A46DED143}.Release|Any CPU.Build.0 = Release|Any CPU
		{F0CED0F4-2E49-4D79-AD99-8926343B1663}.Debug|Any CPU.ActiveCfg = Debug|Any CPU
		{F0CED0F4-2E49-4D79-AD99-8926343B1663}.Debug|Any CPU.Build.0 = Debug|Any CPU
		{F0CED0F4-2E49-4D79-AD99-8926343B1663}.Release|Any CPU.ActiveCfg = Release|Any CPU
		{F0CED0F4-2E49-4D79-AD99-8926343B1663}.Release|Any CPU.Build.0 = Release|Any CPU
	EndGlobalSection
	GlobalSection(SolutionProperties) = preSolution
		HideSolutionNode = FALSE
	EndGlobalSection
EndGlobal
