
Microsoft Visual Studio Solution File, Format Version 12.00
# Visual Studio 14
VisualStudioVersion = 14.0.25420.1
MinimumVisualStudioVersion = 10.0.40219.1
Project("{FAE04EC0-301F-11D3-BF4B-00C04F79EFBC}") = "CodeFormatting", "CodeFormatting\CodeFormatting.csproj", "{44348C6C-090B-4F47-A0EA-706C175C4047}"
EndProject
Project("{FAE04EC0-301F-11D3-BF4B-00C04F79EFBC}") = "Events", "Events\Events.csproj", "{23939ABC-99BA-43C6-A39E-0A658B7B405D}"
EndProject
Project("{E24C65DC-7377-472B-9ABA-BC803B73C61A}") = "WebSite1(1)", "C:\Users\Daniel\Documents\Visual Studio 2015\WebSites\WebSite1\", "{860EFBA2-8849-4434-ADB5-848F29022385}"
	ProjectSection(WebsiteProperties) = preProject
		TargetFrameworkMoniker = ".NETFramework,Version%3Dv4.5.2"
		Debug.AspNetCompiler.VirtualPath = "/localhost_50682"
		Debug.AspNetCompiler.PhysicalPath = "C:\Users\Daniel\Documents\Visual Studio 2015\WebSites\WebSite1\"
		Debug.AspNetCompiler.TargetPath = "PrecompiledWeb\localhost_50682\"
		Debug.AspNetCompiler.Updateable = "true"
		Debug.AspNetCompiler.ForceOverwrite = "true"
		Debug.AspNetCompiler.FixedNames = "false"
		Debug.AspNetCompiler.Debug = "True"
		Release.AspNetCompiler.VirtualPath = "/localhost_50682"
		Release.AspNetCompiler.PhysicalPath = "C:\Users\Daniel\Documents\Visual Studio 2015\WebSites\WebSite1\"
		Release.AspNetCompiler.TargetPath = "PrecompiledWeb\localhost_50682\"
		Release.AspNetCompiler.Updateable = "true"
		Release.AspNetCompiler.ForceOverwrite = "true"
		Release.AspNetCompiler.FixedNames = "false"
		Release.AspNetCompiler.Debug = "False"
		VWDPort = "50682"
		DefaultWebSiteLanguage = "Visual C#"
	EndProjectSection
EndProject
Global
	GlobalSection(SolutionConfigurationPlatforms) = preSolution
		Debug|Any CPU = Debug|Any CPU
		Release|Any CPU = Release|Any CPU
	EndGlobalSection
	GlobalSection(ProjectConfigurationPlatforms) = postSolution
		{44348C6C-090B-4F47-A0EA-706C175C4047}.Debug|Any CPU.ActiveCfg = Debug|Any CPU
		{44348C6C-090B-4F47-A0EA-706C175C4047}.Debug|Any CPU.Build.0 = Debug|Any CPU
		{44348C6C-090B-4F47-A0EA-706C175C4047}.Release|Any CPU.ActiveCfg = Release|Any CPU
		{44348C6C-090B-4F47-A0EA-706C175C4047}.Release|Any CPU.Build.0 = Release|Any CPU
		{23939ABC-99BA-43C6-A39E-0A658B7B405D}.Debug|Any CPU.ActiveCfg = Debug|Any CPU
		{23939ABC-99BA-43C6-A39E-0A658B7B405D}.Debug|Any CPU.Build.0 = Debug|Any CPU
		{23939ABC-99BA-43C6-A39E-0A658B7B405D}.Release|Any CPU.ActiveCfg = Release|Any CPU
		{23939ABC-99BA-43C6-A39E-0A658B7B405D}.Release|Any CPU.Build.0 = Release|Any CPU
		{860EFBA2-8849-4434-ADB5-848F29022385}.Debug|Any CPU.ActiveCfg = Debug|Any CPU
		{860EFBA2-8849-4434-ADB5-848F29022385}.Debug|Any CPU.Build.0 = Debug|Any CPU
		{860EFBA2-8849-4434-ADB5-848F29022385}.Release|Any CPU.ActiveCfg = Debug|Any CPU
		{860EFBA2-8849-4434-ADB5-848F29022385}.Release|Any CPU.Build.0 = Debug|Any CPU
	EndGlobalSection
	GlobalSection(SolutionProperties) = preSolution
		HideSolutionNode = FALSE
	EndGlobalSection
EndGlobal
