
Microsoft Visual Studio Solution File, Format Version 12.00
# Visual Studio 14
VisualStudioVersion = 14.0.25420.1
MinimumVisualStudioVersion = 10.0.40219.1
Project("{FAE04EC0-301F-11D3-BF4B-00C04F79EFBC}") = "VariablesDataExpressionsAndConsts", "VariablesDataExpressionsAndConsts\VariablesDataExpressionsAndConsts.csproj", "{A3B43214-B29D-4519-A0DD-77C0EECE79D4}"
EndProject
Project("{FAE04EC0-301F-11D3-BF4B-00C04F79EFBC}") = "PrintStatistics", "PrintStatistics\PrintStatistics.csproj", "{D9340772-87B4-4C53-BADB-CFDC3DD73FC5}"
EndProject
Global
	GlobalSection(SolutionConfigurationPlatforms) = preSolution
		Debug|Any CPU = Debug|Any CPU
		Release|Any CPU = Release|Any CPU
	EndGlobalSection
	GlobalSection(ProjectConfigurationPlatforms) = postSolution
		{A3B43214-B29D-4519-A0DD-77C0EECE79D4}.Debug|Any CPU.ActiveCfg = Debug|Any CPU
		{A3B43214-B29D-4519-A0DD-77C0EECE79D4}.Debug|Any CPU.Build.0 = Debug|Any CPU
		{A3B43214-B29D-4519-A0DD-77C0EECE79D4}.Release|Any CPU.ActiveCfg = Release|Any CPU
		{A3B43214-B29D-4519-A0DD-77C0EECE79D4}.Release|Any CPU.Build.0 = Release|Any CPU
		{D9340772-87B4-4C53-BADB-CFDC3DD73FC5}.Debug|Any CPU.ActiveCfg = Debug|Any CPU
		{D9340772-87B4-4C53-BADB-CFDC3DD73FC5}.Debug|Any CPU.Build.0 = Debug|Any CPU
		{D9340772-87B4-4C53-BADB-CFDC3DD73FC5}.Release|Any CPU.ActiveCfg = Release|Any CPU
		{D9340772-87B4-4C53-BADB-CFDC3DD73FC5}.Release|Any CPU.Build.0 = Release|Any CPU
	EndGlobalSection
	GlobalSection(SolutionProperties) = preSolution
		HideSolutionNode = FALSE
	EndGlobalSection
EndGlobal
