
Microsoft Visual Studio Solution File, Format Version 12.00
# Visual Studio 2013
VisualStudioVersion = 12.0.31101.0
MinimumVisualStudioVersion = 10.0.40219.1
Project("{FAE04EC0-301F-11D3-BF4B-00C04F79EFBC}") = "09.PrintSequence", "09.PrintSequence\09.PrintSequence.csproj", "{8BF53C85-DADD-46DF-A826-6C333B11B7D2}"
EndProject
Project("{FAE04EC0-301F-11D3-BF4B-00C04F79EFBC}") = "15.Age", "15.Age\15.Age.csproj", "{DCF47992-AC27-463B-91C6-5CBDF03F0574}"
EndProject
Project("{FAE04EC0-301F-11D3-BF4B-00C04F79EFBC}") = "16.LongSequence", "16.LongSequence\16.LongSequence.csproj", "{62855F3F-7362-412A-A491-EDB831526BFA}"
EndProject
Project("{FAE04EC0-301F-11D3-BF4B-00C04F79EFBC}") = "04.HelloWorld", "04.HelloWorld\04.HelloWorld.csproj", "{FF060FD6-023B-440E-B9CA-4FD26DBBA9BF}"
EndProject
Project("{FAE04EC0-301F-11D3-BF4B-00C04F79EFBC}") = "06.PrintNumbers", "06.Print Numbers\06.PrintNumbers.csproj", "{851F4DA5-8A74-4F08-9900-7895C4AABC4E}"
EndProject
Project("{FAE04EC0-301F-11D3-BF4B-00C04F79EFBC}") = "08.SquareRoot", "08.Square Root\08.SquareRoot.csproj", "{ADB6DBD3-07CE-4178-9A4A-6A87AC6CB48F}"
EndProject
Global
	GlobalSection(SolutionConfigurationPlatforms) = preSolution
		Debug|Any CPU = Debug|Any CPU
		Release|Any CPU = Release|Any CPU
	EndGlobalSection
	GlobalSection(ProjectConfigurationPlatforms) = postSolution
		{8BF53C85-DADD-46DF-A826-6C333B11B7D2}.Debug|Any CPU.ActiveCfg = Debug|Any CPU
		{8BF53C85-DADD-46DF-A826-6C333B11B7D2}.Debug|Any CPU.Build.0 = Debug|Any CPU
		{8BF53C85-DADD-46DF-A826-6C333B11B7D2}.Release|Any CPU.ActiveCfg = Release|Any CPU
		{8BF53C85-DADD-46DF-A826-6C333B11B7D2}.Release|Any CPU.Build.0 = Release|Any CPU
		{DCF47992-AC27-463B-91C6-5CBDF03F0574}.Debug|Any CPU.ActiveCfg = Debug|Any CPU
		{DCF47992-AC27-463B-91C6-5CBDF03F0574}.Debug|Any CPU.Build.0 = Debug|Any CPU
		{DCF47992-AC27-463B-91C6-5CBDF03F0574}.Release|Any CPU.ActiveCfg = Release|Any CPU
		{DCF47992-AC27-463B-91C6-5CBDF03F0574}.Release|Any CPU.Build.0 = Release|Any CPU
		{62855F3F-7362-412A-A491-EDB831526BFA}.Debug|Any CPU.ActiveCfg = Debug|Any CPU
		{62855F3F-7362-412A-A491-EDB831526BFA}.Debug|Any CPU.Build.0 = Debug|Any CPU
		{62855F3F-7362-412A-A491-EDB831526BFA}.Release|Any CPU.ActiveCfg = Release|Any CPU
		{62855F3F-7362-412A-A491-EDB831526BFA}.Release|Any CPU.Build.0 = Release|Any CPU
		{FF060FD6-023B-440E-B9CA-4FD26DBBA9BF}.Debug|Any CPU.ActiveCfg = Debug|Any CPU
		{FF060FD6-023B-440E-B9CA-4FD26DBBA9BF}.Debug|Any CPU.Build.0 = Debug|Any CPU
		{FF060FD6-023B-440E-B9CA-4FD26DBBA9BF}.Release|Any CPU.ActiveCfg = Release|Any CPU
		{FF060FD6-023B-440E-B9CA-4FD26DBBA9BF}.Release|Any CPU.Build.0 = Release|Any CPU
		{851F4DA5-8A74-4F08-9900-7895C4AABC4E}.Debug|Any CPU.ActiveCfg = Debug|Any CPU
		{851F4DA5-8A74-4F08-9900-7895C4AABC4E}.Debug|Any CPU.Build.0 = Debug|Any CPU
		{851F4DA5-8A74-4F08-9900-7895C4AABC4E}.Release|Any CPU.ActiveCfg = Release|Any CPU
		{851F4DA5-8A74-4F08-9900-7895C4AABC4E}.Release|Any CPU.Build.0 = Release|Any CPU
		{ADB6DBD3-07CE-4178-9A4A-6A87AC6CB48F}.Debug|Any CPU.ActiveCfg = Debug|Any CPU
		{ADB6DBD3-07CE-4178-9A4A-6A87AC6CB48F}.Debug|Any CPU.Build.0 = Debug|Any CPU
		{ADB6DBD3-07CE-4178-9A4A-6A87AC6CB48F}.Release|Any CPU.ActiveCfg = Release|Any CPU
		{ADB6DBD3-07CE-4178-9A4A-6A87AC6CB48F}.Release|Any CPU.Build.0 = Release|Any CPU
	EndGlobalSection
	GlobalSection(SolutionProperties) = preSolution
		HideSolutionNode = FALSE
	EndGlobalSection
EndGlobal
