
Microsoft Visual Studio Solution File, Format Version 12.00
# Visual Studio 14
VisualStudioVersion = 14.0.25123.0
MinimumVisualStudioVersion = 10.0.40219.1
Project("{FAE04EC0-301F-11D3-BF4B-00C04F79EFBC}") = "CommonTypeSystem", "CommonTypeSystem\CommonTypeSystem.csproj", "{DAE1443D-2F10-4C64-BBDF-8EAFCA2CE408}"
EndProject
Project("{FAE04EC0-301F-11D3-BF4B-00C04F79EFBC}") = "Classes", "Classes\Classes.csproj", "{07F3C9AA-3FEF-41CE-A3F3-13C3F9A81788}"
EndProject
Global
	GlobalSection(SolutionConfigurationPlatforms) = preSolution
		Debug|Any CPU = Debug|Any CPU
		Release|Any CPU = Release|Any CPU
	EndGlobalSection
	GlobalSection(ProjectConfigurationPlatforms) = postSolution
		{DAE1443D-2F10-4C64-BBDF-8EAFCA2CE408}.Debug|Any CPU.ActiveCfg = Debug|Any CPU
		{DAE1443D-2F10-4C64-BBDF-8EAFCA2CE408}.Debug|Any CPU.Build.0 = Debug|Any CPU
		{DAE1443D-2F10-4C64-BBDF-8EAFCA2CE408}.Release|Any CPU.ActiveCfg = Release|Any CPU
		{DAE1443D-2F10-4C64-BBDF-8EAFCA2CE408}.Release|Any CPU.Build.0 = Release|Any CPU
		{07F3C9AA-3FEF-41CE-A3F3-13C3F9A81788}.Debug|Any CPU.ActiveCfg = Debug|Any CPU
		{07F3C9AA-3FEF-41CE-A3F3-13C3F9A81788}.Debug|Any CPU.Build.0 = Debug|Any CPU
		{07F3C9AA-3FEF-41CE-A3F3-13C3F9A81788}.Release|Any CPU.ActiveCfg = Release|Any CPU
		{07F3C9AA-3FEF-41CE-A3F3-13C3F9A81788}.Release|Any CPU.Build.0 = Release|Any CPU
	EndGlobalSection
	GlobalSection(SolutionProperties) = preSolution
		HideSolutionNode = FALSE
	EndGlobalSection
EndGlobal
